
Microsoft Visual Studio Solution File, Format Version 12.00
# Visual Studio 14
VisualStudioVersion = 14.0.25420.1
MinimumVisualStudioVersion = 10.0.40219.1
Project("{FAE04EC0-301F-11D3-BF4B-00C04F79EFBC}") = "TrollRoom", "TrollRoom\TrollRoom.csproj", "{88B097B4-0854-49E0-AF7B-240EBEE8D36A}"
EndProject
Project("{FAE04EC0-301F-11D3-BF4B-00C04F79EFBC}") = "TrollRoomTests", "TrollRoomTests\TrollRoomTests.csproj", "{5BF4376D-BD59-4C18-8F3A-98CA5EB1D81E}"
EndProject
Global
	GlobalSection(SolutionConfigurationPlatforms) = preSolution
		Debug|Any CPU = Debug|Any CPU
		Release|Any CPU = Release|Any CPU
	EndGlobalSection
	GlobalSection(ProjectConfigurationPlatforms) = postSolution
		{88B097B4-0854-49E0-AF7B-240EBEE8D36A}.Debug|Any CPU.ActiveCfg = Debug|Any CPU
		{88B097B4-0854-49E0-AF7B-240EBEE8D36A}.Debug|Any CPU.Build.0 = Debug|Any CPU
		{88B097B4-0854-49E0-AF7B-240EBEE8D36A}.Release|Any CPU.ActiveCfg = Release|Any CPU
		{88B097B4-0854-49E0-AF7B-240EBEE8D36A}.Release|Any CPU.Build.0 = Release|Any CPU
		{5BF4376D-BD59-4C18-8F3A-98CA5EB1D81E}.Debug|Any CPU.ActiveCfg = Debug|Any CPU
		{5BF4376D-BD59-4C18-8F3A-98CA5EB1D81E}.Debug|Any CPU.Build.0 = Debug|Any CPU
		{5BF4376D-BD59-4C18-8F3A-98CA5EB1D81E}.Release|Any CPU.ActiveCfg = Release|Any CPU
		{5BF4376D-BD59-4C18-8F3A-98CA5EB1D81E}.Release|Any CPU.Build.0 = Release|Any CPU
	EndGlobalSection
	GlobalSection(SolutionProperties) = preSolution
		HideSolutionNode = FALSE
	EndGlobalSection
EndGlobal
